
Microsoft Visual Studio Solution File, Format Version 12.00
Project("{FAE04EC0-301F-11D3-BF4B-00C04F79EFBC}") = "RPCApp0", "RPCApp0\RPCApp0.csproj", "{E4A4BE9C-7E06-4ABA-9D7D-BCFA03A553B9}"
EndProject
Project("{FAE04EC0-301F-11D3-BF4B-00C04F79EFBC}") = "RPCApp0.Tests", "RPCApp0.Tests\RPCApp0.Tests.csproj", "{C7E8A944-58D3-4A12-9FCE-57A6D072FC08}"
EndProject
Global
	GlobalSection(SolutionConfigurationPlatforms) = preSolution
		Debug|Any CPU = Debug|Any CPU
		Release|Any CPU = Release|Any CPU
	EndGlobalSection
	GlobalSection(ProjectConfigurationPlatforms) = postSolution
		{83FDA660-06AD-44E7-8228-D074650AB1E6}.Debug|Any CPU.ActiveCfg = Debug|Any CPU
		{83FDA660-06AD-44E7-8228-D074650AB1E6}.Debug|Any CPU.Build.0 = Debug|Any CPU
		{83FDA660-06AD-44E7-8228-D074650AB1E6}.Release|Any CPU.ActiveCfg = Release|Any CPU
		{83FDA660-06AD-44E7-8228-D074650AB1E6}.Release|Any CPU.Build.0 = Release|Any CPU
		{1F75B9F8-77D6-4CA7-AD01-BDF7403F0F77}.Debug|Any CPU.ActiveCfg = Debug|Any CPU
		{1F75B9F8-77D6-4CA7-AD01-BDF7403F0F77}.Debug|Any CPU.Build.0 = Debug|Any CPU
		{1F75B9F8-77D6-4CA7-AD01-BDF7403F0F77}.Release|Any CPU.ActiveCfg = Release|Any CPU
		{1F75B9F8-77D6-4CA7-AD01-BDF7403F0F77}.Release|Any CPU.Build.0 = Release|Any CPU
		{73CE6E35-1EE0-455F-BE55-D0B1A3395563}.Debug|Any CPU.ActiveCfg = Debug|Any CPU
		{73CE6E35-1EE0-455F-BE55-D0B1A3395563}.Debug|Any CPU.Build.0 = Debug|Any CPU
		{73CE6E35-1EE0-455F-BE55-D0B1A3395563}.Release|Any CPU.ActiveCfg = Release|Any CPU
		{73CE6E35-1EE0-455F-BE55-D0B1A3395563}.Release|Any CPU.Build.0 = Release|Any CPU
		{B82B2B03-90EF-417A-96B5-365518FDA059}.Debug|Any CPU.ActiveCfg = Debug|Any CPU
		{B82B2B03-90EF-417A-96B5-365518FDA059}.Debug|Any CPU.Build.0 = Debug|Any CPU
		{B82B2B03-90EF-417A-96B5-365518FDA059}.Release|Any CPU.ActiveCfg = Release|Any CPU
		{B82B2B03-90EF-417A-96B5-365518FDA059}.Release|Any CPU.Build.0 = Release|Any CPU
		{15F3F73A-26A8-4D99-8D6B-80C5DDFF3364}.Debug|Any CPU.ActiveCfg = Debug|Any CPU
		{15F3F73A-26A8-4D99-8D6B-80C5DDFF3364}.Debug|Any CPU.Build.0 = Debug|Any CPU
		{15F3F73A-26A8-4D99-8D6B-80C5DDFF3364}.Release|Any CPU.ActiveCfg = Release|Any CPU
		{15F3F73A-26A8-4D99-8D6B-80C5DDFF3364}.Release|Any CPU.Build.0 = Release|Any CPU
		{6C4673AD-E88E-4160-B773-F9C105544AA2}.Debug|Any CPU.ActiveCfg = Debug|Any CPU
		{6C4673AD-E88E-4160-B773-F9C105544AA2}.Debug|Any CPU.Build.0 = Debug|Any CPU
		{6C4673AD-E88E-4160-B773-F9C105544AA2}.Release|Any CPU.ActiveCfg = Release|Any CPU
		{6C4673AD-E88E-4160-B773-F9C105544AA2}.Release|Any CPU.Build.0 = Release|Any CPU
		{D0CA3789-05F8-4A02-9BBE-DCB7FDEA2A58}.Debug|Any CPU.ActiveCfg = Debug|Any CPU
		{D0CA3789-05F8-4A02-9BBE-DCB7FDEA2A58}.Debug|Any CPU.Build.0 = Debug|Any CPU
		{D0CA3789-05F8-4A02-9BBE-DCB7FDEA2A58}.Release|Any CPU.ActiveCfg = Release|Any CPU
		{D0CA3789-05F8-4A02-9BBE-DCB7FDEA2A58}.Release|Any CPU.Build.0 = Release|Any CPU
		{3D2552D5-1F4F-4BCF-9C22-FC1F9BFA07C0}.Debug|Any CPU.ActiveCfg = Debug|Any CPU
		{3D2552D5-1F4F-4BCF-9C22-FC1F9BFA07C0}.Debug|Any CPU.Build.0 = Debug|Any CPU
		{3D2552D5-1F4F-4BCF-9C22-FC1F9BFA07C0}.Release|Any CPU.ActiveCfg = Release|Any CPU
		{3D2552D5-1F4F-4BCF-9C22-FC1F9BFA07C0}.Release|Any CPU.Build.0 = Release|Any CPU
		{661805C5-ECE0-47E0-A519-E1C1CACDA131}.Debug|Any CPU.ActiveCfg = Debug|Any CPU
		{661805C5-ECE0-47E0-A519-E1C1CACDA131}.Debug|Any CPU.Build.0 = Debug|Any CPU
		{661805C5-ECE0-47E0-A519-E1C1CACDA131}.Release|Any CPU.ActiveCfg = Release|Any CPU
		{661805C5-ECE0-47E0-A519-E1C1CACDA131}.Release|Any CPU.Build.0 = Release|Any CPU
		{E4A4BE9C-7E06-4ABA-9D7D-BCFA03A553B9}.Debug|Any CPU.ActiveCfg = Debug|Any CPU
		{E4A4BE9C-7E06-4ABA-9D7D-BCFA03A553B9}.Debug|Any CPU.Build.0 = Debug|Any CPU
		{E4A4BE9C-7E06-4ABA-9D7D-BCFA03A553B9}.Release|Any CPU.ActiveCfg = Release|Any CPU
		{E4A4BE9C-7E06-4ABA-9D7D-BCFA03A553B9}.Release|Any CPU.Build.0 = Release|Any CPU
        {C7E8A944-58D3-4A12-9FCE-57A6D072FC08}.Debug|Any CPU.ActiveCfg = Debug|Any CPU
        {C7E8A944-58D3-4A12-9FCE-57A6D072FC08}.Debug|Any CPU.Build.0 = Debug|Any CPU
        {C7E8A944-58D3-4A12-9FCE-57A6D072FC08}.Release|Any CPU.ActiveCfg = Release|Any CPU
        {C7E8A944-58D3-4A12-9FCE-57A6D072FC08}.Release|Any CPU.Build.0 = Release|Any CPU
	EndGlobalSection
EndGlobal
